
Microsoft Visual Studio Solution File, Format Version 12.00
# Visual Studio Version 17
VisualStudioVersion = 17.14.36930.0
MinimumVisualStudioVersion = 10.0.40219.1
Project("{FAE04EC0-301F-11D3-BF4B-00C04F79EFBC}") = "MudBlazorWebApp1", "MudBlazorWebApp1\MudBlazorWebApp1.csproj", "{0F4C2C2C-6B4F-43E0-A7B1-8CBBACEBA7C6}"
EndProject
Global
	GlobalSection(SolutionConfigurationPlatforms) = preSolution
		Debug|Any CPU = Debug|Any CPU
		Release|Any CPU = Release|Any CPU
	EndGlobalSection
	GlobalSection(ProjectConfigurationPlatforms) = postSolution
		{0F4C2C2C-6B4F-43E0-A7B1-8CBBACEBA7C6}.Debug|Any CPU.ActiveCfg = Debug|Any CPU
		{0F4C2C2C-6B4F-43E0-A7B1-8CBBACEBA7C6}.Debug|Any CPU.Build.0 = Debug|Any CPU
		{0F4C2C2C-6B4F-43E0-A7B1-8CBBACEBA7C6}.Release|Any CPU.ActiveCfg = Release|Any CPU
		{0F4C2C2C-6B4F-43E0-A7B1-8CBBACEBA7C6}.Release|Any CPU.Build.0 = Release|Any CPU
	EndGlobalSection
	GlobalSection(SolutionProperties) = preSolution
		HideSolutionNode = FALSE
	EndGlobalSection
	GlobalSection(ExtensibilityGlobals) = postSolution
		SolutionGuid = {3CB1B9F3-3FAE-4525-9209-03D9960BF9F3}
	EndGlobalSection
EndGlobal
